{
  "nodes": {
    "cyberchef-src": {
      "flake": false,
      "locked": {
        "lastModified": 1616767791,
        "narHash": "sha256-AGEhm+tsldefAJogXNpL9EcbpWXAqQIBPFZPoepHZwA=",
        "owner": "gchq",
        "repo": "cyberchef",
        "rev": "a3b873fd96111fe2dbcb62a1e037987669290a13",
        "type": "github"
      },
      "original": {
        "owner": "gchq",
        "repo": "cyberchef",
        "type": "github"
      }
    },
    "flake-compat": {
      "flake": false,
      "locked": {
        "lastModified": 1606424373,
        "narHash": "sha256-oq8d4//CJOrVj+EcOaSXvMebvuTkmBJuT5tzlfewUnQ=",
        "owner": "edolstra",
        "repo": "flake-compat",
        "rev": "99f1c2157fba4bfe6211a321fd0ee43199025dbf",
        "type": "github"
      },
      "original": {
        "owner": "edolstra",
        "repo": "flake-compat",
        "type": "github"
      }
    },
    "flake-utils": {
      "locked": {
        "lastModified": 1619345332,
        "narHash": "sha256-qHnQkEp1uklKTpx3MvKtY6xzgcqXDsz5nLilbbuL+3A=",
        "owner": "numtide",
        "repo": "flake-utils",
        "rev": "2ebf2558e5bf978c7fb8ea927dfaed8fefab2e28",
        "type": "github"
      },
      "original": {
        "owner": "numtide",
        "repo": "flake-utils",
        "type": "github"
      }
    },
    "nixpkgs": {
      "locked": {
        "lastModified": 1607560137,
        "narHash": "sha256-qI5U28r9Ie11OlkwzNFkhW0Z4jLanntJdb3JeFq/85A=",
        "owner": "NixOS",
        "repo": "nixpkgs",
        "rev": "7ff5e241a2b96fff7912b7d793a06b4374bd846c",
        "type": "github"
      },
      "original": {
        "id": "nixpkgs",
        "rev": "7ff5e241a2b96fff7912b7d793a06b4374bd846c",
        "type": "indirect"
      }
    },
    "npmlock2nix-repo": {
      "flake": false,
      "locked": {
        "lastModified": 1608299130,
        "narHash": "sha256-yuwxROMoHIm2yCf9Gyvy2bhzkLxvLaknNI5pw1hvL4I=",
        "owner": "tweag",
        "repo": "npmlock2nix",
        "rev": "7a321e2477d1f97167847086400a7a4d75b8faf8",
        "type": "github"
      },
      "original": {
        "owner": "tweag",
        "repo": "npmlock2nix",
        "type": "github"
      }
    },
    "root": {
      "inputs": {
        "cyberchef-src": "cyberchef-src",
        "flake-compat": "flake-compat",
        "flake-utils": "flake-utils",
        "nixpkgs": "nixpkgs",
        "npmlock2nix-repo": "npmlock2nix-repo"
      }
    }
  },
  "root": "root",
  "version": 7
}
